
Microsoft Visual Studio Solution File, Format Version 12.00
# Visual Studio Version 17
VisualStudioVersion = 17.10.35013.160
MinimumVisualStudioVersion = 10.0.40219.1
Project("{FAE04EC0-301F-11D3-BF4B-00C04F79EFBC}") = "Learning_management_system", "Learning_management_system.csproj", "{42724896-5082-4D66-9591-1C2D6FD4963D}"
EndProject
Global
	GlobalSection(SolutionConfigurationPlatforms) = preSolution
		Debug|Any CPU = Debug|Any CPU
		Release|Any CPU = Release|Any CPU
	EndGlobalSection
	GlobalSection(ProjectConfigurationPlatforms) = postSolution
		{42724896-5082-4D66-9591-1C2D6FD4963D}.Debug|Any CPU.ActiveCfg = Debug|Any CPU
		{42724896-5082-4D66-9591-1C2D6FD4963D}.Debug|Any CPU.Build.0 = Debug|Any CPU
		{42724896-5082-4D66-9591-1C2D6FD4963D}.Release|Any CPU.ActiveCfg = Release|Any CPU
		{42724896-5082-4D66-9591-1C2D6FD4963D}.Release|Any CPU.Build.0 = Release|Any CPU
	EndGlobalSection
	GlobalSection(SolutionProperties) = preSolution
		HideSolutionNode = FALSE
	EndGlobalSection
	GlobalSection(ExtensibilityGlobals) = postSolution
		SolutionGuid = {7F1672EC-515E-4BFB-90D4-537CE264024D}
	EndGlobalSection
EndGlobal
